
Microsoft Visual Studio Solution File, Format Version 12.00
Project("{FAE04EC0-301F-11D3-BF4B-00C04F79EFBC}") = "TaleCraft", "TaleCraft\TaleCraft.csproj", "{6B4ACB27-4DD9-449A-92B8-7C7AE878A8B6}"
EndProject
Global
	GlobalSection(SolutionConfigurationPlatforms) = preSolution
		Debug|Any CPU = Debug|Any CPU
		Release|Any CPU = Release|Any CPU
	EndGlobalSection
	GlobalSection(ProjectConfigurationPlatforms) = postSolution
		{6B4ACB27-4DD9-449A-92B8-7C7AE878A8B6}.Debug|Any CPU.ActiveCfg = Debug|Any CPU
		{6B4ACB27-4DD9-449A-92B8-7C7AE878A8B6}.Debug|Any CPU.Build.0 = Debug|Any CPU
		{6B4ACB27-4DD9-449A-92B8-7C7AE878A8B6}.Release|Any CPU.ActiveCfg = Release|Any CPU
		{6B4ACB27-4DD9-449A-92B8-7C7AE878A8B6}.Release|Any CPU.Build.0 = Release|Any CPU
	EndGlobalSection
EndGlobal
